// !$*UTF8*$!
{
	archiveVersion = 1;
	classes = {
	};
	objectVersion = 56;
	objects = {

/* Begin PBXBuildFile section */
		0710E2062B48CF0D004369AB /* PGNReaderApp.swift in Sources */ = {isa = PBXBuildFile; fileRef = 0710E2052B48CF0D004369AB /* PGNReaderApp.swift */; };
		0710E2082B48CF0D004369AB /* ContentView.swift in Sources */ = {isa = PBXBuildFile; fileRef = 0710E2072B48CF0D004369AB /* ContentView.swift */; };
		0710E20A2B48CF0E004369AB /* Assets.xcassets in Resources */ = {isa = PBXBuildFile; fileRef = 0710E2092B48CF0E004369AB /* Assets.xcassets */; };
		0710E20E2B48CF0E004369AB /* Preview Assets.xcassets in Resources */ = {isa = PBXBuildFile; fileRef = 0710E20D2B48CF0E004369AB /* Preview Assets.xcassets */; };
		0710E2182B48CF0E004369AB /* PGNReaderTests.swift in Sources */ = {isa = PBXBuildFile; fileRef = 0710E2172B48CF0E004369AB /* PGNReaderTests.swift */; };
		0710E2222B48CF0E004369AB /* PGNReaderUITests.swift in Sources */ = {isa = PBXBuildFile; fileRef = 0710E2212B48CF0E004369AB /* PGNReaderUITests.swift */; };
		0710E2242B48CF0E004369AB /* PGNReaderUITestsLaunchTests.swift in Sources */ = {isa = PBXBuildFile; fileRef = 0710E2232B48CF0E004369AB /* PGNReaderUITestsLaunchTests.swift */; };
		078CB6B42B54FC7A005BA9DC /* EndgameCore in Frameworks */ = {isa = PBXBuildFile; productRef = 078CB6B32B54FC7A005BA9DC /* EndgameCore */; };
/* End PBXBuildFile section */

/* Begin PBXContainerItemProxy section */
		0710E2142B48CF0E004369AB /* PBXContainerItemProxy */ = {
			isa = PBXContainerItemProxy;
			containerPortal = 0710E1FA2B48CF0D004369AB /* Project object */;
			proxyType = 1;
			remoteGlobalIDString = 0710E2012B48CF0D004369AB;
			remoteInfo = PGNReader;
		};
		0710E21E2B48CF0E004369AB /* PBXContainerItemProxy */ = {
			isa = PBXContainerItemProxy;
			containerPortal = 0710E1FA2B48CF0D004369AB /* Project object */;
			proxyType = 1;
			remoteGlobalIDString = 0710E2012B48CF0D004369AB;
			remoteInfo = PGNReader;
		};
/* End PBXContainerItemProxy section */

/* Begin PBXFileReference section */
		0710E2022B48CF0D004369AB /* PGNReader.app */ = {isa = PBXFileReference; explicitFileType = wrapper.application; includeInIndex = 0; path = PGNReader.app; sourceTree = BUILT_PRODUCTS_DIR; };
		0710E2052B48CF0D004369AB /* PGNReaderApp.swift */ = {isa = PBXFileReference; lastKnownFileType = sourcecode.swift; path = PGNReaderApp.swift; sourceTree = "<group>"; };
		0710E2072B48CF0D004369AB /* ContentView.swift */ = {isa = PBXFileReference; lastKnownFileType = sourcecode.swift; path = ContentView.swift; sourceTree = "<group>"; };
		0710E2092B48CF0E004369AB /* Assets.xcassets */ = {isa = PBXFileReference; lastKnownFileType = folder.assetcatalog; path = Assets.xcassets; sourceTree = "<group>"; };
		0710E20B2B48CF0E004369AB /* PGNReader.entitlements */ = {isa = PBXFileReference; lastKnownFileType = text.plist.entitlements; path = PGNReader.entitlements; sourceTree = "<group>"; };
		0710E20D2B48CF0E004369AB /* Preview Assets.xcassets */ = {isa = PBXFileReference; lastKnownFileType = folder.assetcatalog; path = "Preview Assets.xcassets"; sourceTree = "<group>"; };
		0710E2132B48CF0E004369AB /* PGNReaderTests.xctest */ = {isa = PBXFileReference; explicitFileType = wrapper.cfbundle; includeInIndex = 0; path = PGNReaderTests.xctest; sourceTree = BUILT_PRODUCTS_DIR; };
		0710E2172B48CF0E004369AB /* PGNReaderTests.swift */ = {isa = PBXFileReference; lastKnownFileType = sourcecode.swift; path = PGNReaderTests.swift; sourceTree = "<group>"; };
		0710E21D2B48CF0E004369AB /* PGNReaderUITests.xctest */ = {isa = PBXFileReference; explicitFileType = wrapper.cfbundle; includeInIndex = 0; path = PGNReaderUITests.xctest; sourceTree = BUILT_PRODUCTS_DIR; };
		0710E2212B48CF0E004369AB /* PGNReaderUITests.swift */ = {isa = PBXFileReference; lastKnownFileType = sourcecode.swift; path = PGNReaderUITests.swift; sourceTree = "<group>"; };
		0710E2232B48CF0E004369AB /* PGNReaderUITestsLaunchTests.swift */ = {isa = PBXFileReference; lastKnownFileType = sourcecode.swift; path = PGNReaderUITestsLaunchTests.swift; sourceTree = "<group>"; };
/* End PBXFileReference section */

/* Begin PBXFrameworksBuildPhase section */
		0710E1FF2B48CF0D004369AB /* Frameworks */ = {
			isa = PBXFrameworksBuildPhase;
			buildActionMask = 2147483647;
			files = (
				078CB6B42B54FC7A005BA9DC /* EndgameCore in Frameworks */,
			);
			runOnlyForDeploymentPostprocessing = 0;
		};
		0710E2102B48CF0E004369AB /* Frameworks */ = {
			isa = PBXFrameworksBuildPhase;
			buildActionMask = 2147483647;
			files = (
			);
			runOnlyForDeploymentPostprocessing = 0;
		};
		0710E21A2B48CF0E004369AB /* Frameworks */ = {
			isa = PBXFrameworksBuildPhase;
			buildActionMask = 2147483647;
			files = (
			);
			runOnlyForDeploymentPostprocessing = 0;
		};
/* End PBXFrameworksBuildPhase section */

/* Begin PBXGroup section */
		0710E1F92B48CF0D004369AB = {
			isa = PBXGroup;
			children = (
				0710E2042B48CF0D004369AB /* PGNReader */,
				0710E2162B48CF0E004369AB /* PGNReaderTests */,
				0710E2202B48CF0E004369AB /* PGNReaderUITests */,
				0710E2032B48CF0D004369AB /* Products */,
			);
			sourceTree = "<group>";
		};
		0710E2032B48CF0D004369AB /* Products */ = {
			isa = PBXGroup;
			children = (
				0710E2022B48CF0D004369AB /* PGNReader.app */,
				0710E2132B48CF0E004369AB /* PGNReaderTests.xctest */,
				0710E21D2B48CF0E004369AB /* PGNReaderUITests.xctest */,
			);
			name = Products;
			sourceTree = "<group>";
		};
		0710E2042B48CF0D004369AB /* PGNReader */ = {
			isa = PBXGroup;
			children = (
				0710E2052B48CF0D004369AB /* PGNReaderApp.swift */,
				0710E2072B48CF0D004369AB /* ContentView.swift */,
				0710E2092B48CF0E004369AB /* Assets.xcassets */,
				0710E20B2B48CF0E004369AB /* PGNReader.entitlements */,
				0710E20C2B48CF0E004369AB /* Preview Content */,
			);
			path = PGNReader;
			sourceTree = "<group>";
		};
		0710E20C2B48CF0E004369AB /* Preview Content */ = {
			isa = PBXGroup;
			children = (
				0710E20D2B48CF0E004369AB /* Preview Assets.xcassets */,
			);
			path = "Preview Content";
			sourceTree = "<group>";
		};
		0710E2162B48CF0E004369AB /* PGNReaderTests */ = {
			isa = PBXGroup;
			children = (
				0710E2172B48CF0E004369AB /* PGNReaderTests.swift */,
			);
			path = PGNReaderTests;
			sourceTree = "<group>";
		};
		0710E2202B48CF0E004369AB /* PGNReaderUITests */ = {
			isa = PBXGroup;
			children = (
				0710E2212B48CF0E004369AB /* PGNReaderUITests.swift */,
				0710E2232B48CF0E004369AB /* PGNReaderUITestsLaunchTests.swift */,
			);
			path = PGNReaderUITests;
			sourceTree = "<group>";
		};
/* End PBXGroup section */

/* Begin PBXNativeTarget section */
		0710E2012B48CF0D004369AB /* PGNReader */ = {
			isa = PBXNativeTarget;
			buildConfigurationList = 0710E2272B48CF0E004369AB /* Build configuration list for PBXNativeTarget "PGNReader" */;
			buildPhases = (
				0710E1FE2B48CF0D004369AB /* Sources */,
				0710E1FF2B48CF0D004369AB /* Frameworks */,
				0710E2002B48CF0D004369AB /* Resources */,
			);
			buildRules = (
			);
			dependencies = (
			);
			name = PGNReader;
			packageProductDependencies = (
				078CB6B32B54FC7A005BA9DC /* EndgameCore */,
			);
			productName = PGNReader;
			productReference = 0710E2022B48CF0D004369AB /* PGNReader.app */;
			productType = "com.apple.product-type.application";
		};
		0710E2122B48CF0E004369AB /* PGNReaderTests */ = {
			isa = PBXNativeTarget;
			buildConfigurationList = 0710E22A2B48CF0E004369AB /* Build configuration list for PBXNativeTarget "PGNReaderTests" */;
			buildPhases = (
				0710E20F2B48CF0E004369AB /* Sources */,
				0710E2102B48CF0E004369AB /* Frameworks */,
				0710E2112B48CF0E004369AB /* Resources */,
			);
			buildRules = (
			);
			dependencies = (
				0710E2152B48CF0E004369AB /* PBXTargetDependency */,
			);
			name = PGNReaderTests;
			productName = PGNReaderTests;
			productReference = 0710E2132B48CF0E004369AB /* PGNReaderTests.xctest */;
			productType = "com.apple.product-type.bundle.unit-test";
		};
		0710E21C2B48CF0E004369AB /* PGNReaderUITests */ = {
			isa = PBXNativeTarget;
			buildConfigurationList = 0710E22D2B48CF0E004369AB /* Build configuration list for PBXNativeTarget "PGNReaderUITests" */;
			buildPhases = (
				0710E2192B48CF0E004369AB /* Sources */,
				0710E21A2B48CF0E004369AB /* Frameworks */,
				0710E21B2B48CF0E004369AB /* Resources */,
			);
			buildRules = (
			);
			dependencies = (
				0710E21F2B48CF0E004369AB /* PBXTargetDependency */,
			);
			name = PGNReaderUITests;
			productName = PGNReaderUITests;
			productReference = 0710E21D2B48CF0E004369AB /* PGNReaderUITests.xctest */;
			productType = "com.apple.product-type.bundle.ui-testing";
		};
/* End PBXNativeTarget section */

/* Begin PBXProject section */
		0710E1FA2B48CF0D004369AB /* Project object */ = {
			isa = PBXProject;
			attributes = {
				BuildIndependentTargetsInParallel = 1;
				LastSwiftUpdateCheck = 1510;
				LastUpgradeCheck = 1510;
				TargetAttributes = {
					0710E2012B48CF0D004369AB = {
						CreatedOnToolsVersion = 15.1;
					};
					0710E2122B48CF0E004369AB = {
						CreatedOnToolsVersion = 15.1;
						TestTargetID = 0710E2012B48CF0D004369AB;
					};
					0710E21C2B48CF0E004369AB = {
						CreatedOnToolsVersion = 15.1;
						TestTargetID = 0710E2012B48CF0D004369AB;
					};
				};
			};
			buildConfigurationList = 0710E1FD2B48CF0D004369AB /* Build configuration list for PBXProject "PGNReader" */;
			compatibilityVersion = "Xcode 14.0";
			developmentRegion = en;
			hasScannedForEncodings = 0;
			knownRegions = (
				en,
				Base,
			);
			mainGroup = 0710E1F92B48CF0D004369AB;
			packageReferences = (
				078CB6B22B54FC7A005BA9DC /* XCRemoteSwiftPackageReference "EndgameCore" */,
			);
			productRefGroup = 0710E2032B48CF0D004369AB /* Products */;
			projectDirPath = "";
			projectRoot = "";
			targets = (
				0710E2012B48CF0D004369AB /* PGNReader */,
				0710E2122B48CF0E004369AB /* PGNReaderTests */,
				0710E21C2B48CF0E004369AB /* PGNReaderUITests */,
			);
		};
/* End PBXProject section */

/* Begin PBXResourcesBuildPhase section */
		0710E2002B48CF0D004369AB /* Resources */ = {
			isa = PBXResourcesBuildPhase;
			buildActionMask = 2147483647;
			files = (
				0710E20E2B48CF0E004369AB /* Preview Assets.xcassets in Resources */,
				0710E20A2B48CF0E004369AB /* Assets.xcassets in Resources */,
			);
			runOnlyForDeploymentPostprocessing = 0;
		};
		0710E2112B48CF0E004369AB /* Resources */ = {
			isa = PBXResourcesBuildPhase;
			buildActionMask = 2147483647;
			files = (
			);
			runOnlyForDeploymentPostprocessing = 0;
		};
		0710E21B2B48CF0E004369AB /* Resources */ = {
			isa = PBXResourcesBuildPhase;
			buildActionMask = 2147483647;
			files = (
			);
			runOnlyForDeploymentPostprocessing = 0;
		};
/* End PBXResourcesBuildPhase section */

/* Begin PBXSourcesBuildPhase section */
		0710E1FE2B48CF0D004369AB /* Sources */ = {
			isa = PBXSourcesBuildPhase;
			buildActionMask = 2147483647;
			files = (
				0710E2082B48CF0D004369AB /* ContentView.swift in Sources */,
				0710E2062B48CF0D004369AB /* PGNReaderApp.swift in Sources */,
			);
			runOnlyForDeploymentPostprocessing = 0;
		};
		0710E20F2B48CF0E004369AB /* Sources */ = {
			isa = PBXSourcesBuildPhase;
			buildActionMask = 2147483647;
			files = (
				0710E2182B48CF0E004369AB /* PGNReaderTests.swift in Sources */,
			);
			runOnlyForDeploymentPostprocessing = 0;
		};
		0710E2192B48CF0E004369AB /* Sources */ = {
			isa = PBXSourcesBuildPhase;
			buildActionMask = 2147483647;
			files = (
				0710E2222B48CF0E004369AB /* PGNReaderUITests.swift in Sources */,
				0710E2242B48CF0E004369AB /* PGNReaderUITestsLaunchTests.swift in Sources */,
			);
			runOnlyForDeploymentPostprocessing = 0;
		};
/* End PBXSourcesBuildPhase section */

/* Begin PBXTargetDependency section */
		0710E2152B48CF0E004369AB /* PBXTargetDependency */ = {
			isa = PBXTargetDependency;
			target = 0710E2012B48CF0D004369AB /* PGNReader */;
			targetProxy = 0710E2142B48CF0E004369AB /* PBXContainerItemProxy */;
		};
		0710E21F2B48CF0E004369AB /* PBXTargetDependency */ = {
			isa = PBXTargetDependency;
			target = 0710E2012B48CF0D004369AB /* PGNReader */;
			targetProxy = 0710E21E2B48CF0E004369AB /* PBXContainerItemProxy */;
		};
/* End PBXTargetDependency section */

/* Begin XCBuildConfiguration section */
		0710E2252B48CF0E004369AB /* Debug */ = {
			isa = XCBuildConfiguration;
			buildSettings = {
				ALWAYS_SEARCH_USER_PATHS = NO;
				ASSETCATALOG_COMPILER_GENERATE_SWIFT_ASSET_SYMBOL_EXTENSIONS = YES;
				CLANG_ANALYZER_NONNULL = YES;
				CLANG_ANALYZER_NUMBER_OBJECT_CONVERSION = YES_AGGRESSIVE;
				CLANG_CXX_LANGUAGE_STANDARD = "gnu++20";
				CLANG_ENABLE_MODULES = YES;
				CLANG_ENABLE_OBJC_ARC = YES;
				CLANG_ENABLE_OBJC_WEAK = YES;
				CLANG_WARN_BLOCK_CAPTURE_AUTORELEASING = YES;
				CLANG_WARN_BOOL_CONVERSION = YES;
				CLANG_WARN_COMMA = YES;
				CLANG_WARN_CONSTANT_CONVERSION = YES;
				CLANG_WARN_DEPRECATED_OBJC_IMPLEMENTATIONS = YES;
				CLANG_WARN_DIRECT_OBJC_ISA_USAGE = YES_ERROR;
				CLANG_WARN_DOCUMENTATION_COMMENTS = YES;
				CLANG_WARN_EMPTY_BODY = YES;
				CLANG_WARN_ENUM_CONVERSION = YES;
				CLANG_WARN_INFINITE_RECURSION = YES;
				CLANG_WARN_INT_CONVERSION = YES;
				CLANG_WARN_NON_LITERAL_NULL_CONVERSION = YES;
				CLANG_WARN_OBJC_IMPLICIT_RETAIN_SELF = YES;
				CLANG_WARN_OBJC_LITERAL_CONVERSION = YES;
				CLANG_WARN_OBJC_ROOT_CLASS = YES_ERROR;
				CLANG_WARN_QUOTED_INCLUDE_IN_FRAMEWORK_HEADER = YES;
				CLANG_WARN_RANGE_LOOP_ANALYSIS = YES;
				CLANG_WARN_STRICT_PROTOTYPES = YES;
				CLANG_WARN_SUSPICIOUS_MOVE = YES;
				CLANG_WARN_UNGUARDED_AVAILABILITY = YES_AGGRESSIVE;
				CLANG_WARN_UNREACHABLE_CODE = YES;
				CLANG_WARN__DUPLICATE_METHOD_MATCH = YES;
				COPY_PHASE_STRIP = NO;
				DEBUG_INFORMATION_FORMAT = dwarf;
				ENABLE_STRICT_OBJC_MSGSEND = YES;
				ENABLE_TESTABILITY = YES;
				ENABLE_USER_SCRIPT_SANDBOXING = YES;
				GCC_C_LANGUAGE_STANDARD = gnu17;
				GCC_DYNAMIC_NO_PIC = NO;
				GCC_NO_COMMON_BLOCKS = YES;
				GCC_OPTIMIZATION_LEVEL = 0;
				GCC_PREPROCESSOR_DEFINITIONS = (
					"DEBUG=1",
					"$(inherited)",
				);
				GCC_WARN_64_TO_32_BIT_CONVERSION = YES;
				GCC_WARN_ABOUT_RETURN_TYPE = YES_ERROR;
				GCC_WARN_UNDECLARED_SELECTOR = YES;
				GCC_WARN_UNINITIALIZED_AUTOS = YES_AGGRESSIVE;
				GCC_WARN_UNUSED_FUNCTION = YES;
				GCC_WARN_UNUSED_VARIABLE = YES;
				LOCALIZATION_PREFERS_STRING_CATALOGS = YES;
				MTL_ENABLE_DEBUG_INFO = INCLUDE_SOURCE;
				MTL_FAST_MATH = YES;
				ONLY_ACTIVE_ARCH = YES;
				SWIFT_ACTIVE_COMPILATION_CONDITIONS = "DEBUG $(inherited)";
				SWIFT_OPTIMIZATION_LEVEL = "-Onone";
			};
			name = Debug;
		};
		0710E2262B48CF0E004369AB /* Release */ = {
			isa = XCBuildConfiguration;
			buildSettings = {
				ALWAYS_SEARCH_USER_PATHS = NO;
				ASSETCATALOG_COMPILER_GENERATE_SWIFT_ASSET_SYMBOL_EXTENSIONS = YES;
				CLANG_ANALYZER_NONNULL = YES;
				CLANG_ANALYZER_NUMBER_OBJECT_CONVERSION = YES_AGGRESSIVE;
				CLANG_CXX_LANGUAGE_STANDARD = "gnu++20";
				CLANG_ENABLE_MODULES = YES;
				CLANG_ENABLE_OBJC_ARC = YES;
				CLANG_ENABLE_OBJC_WEAK = YES;
				CLANG_WARN_BLOCK_CAPTURE_AUTORELEASING = YES;
				CLANG_WARN_BOOL_CONVERSION = YES;
				CLANG_WARN_COMMA = YES;
				CLANG_WARN_CONSTANT_CONVERSION = YES;
				CLANG_WARN_DEPRECATED_OBJC_IMPLEMENTATIONS = YES;
				CLANG_WARN_DIRECT_OBJC_ISA_USAGE = YES_ERROR;
				CLANG_WARN_DOCUMENTATION_COMMENTS = YES;
				CLANG_WARN_EMPTY_BODY = YES;
				CLANG_WARN_ENUM_CONVERSION = YES;
				CLANG_WARN_INFINITE_RECURSION = YES;
				CLANG_WARN_INT_CONVERSION = YES;
				CLANG_WARN_NON_LITERAL_NULL_CONVERSION = YES;
				CLANG_WARN_OBJC_IMPLICIT_RETAIN_SELF = YES;
				CLANG_WARN_OBJC_LITERAL_CONVERSION = YES;
				CLANG_WARN_OBJC_ROOT_CLASS = YES_ERROR;
				CLANG_WARN_QUOTED_INCLUDE_IN_FRAMEWORK_HEADER = YES;
				CLANG_WARN_RANGE_LOOP_ANALYSIS = YES;
				CLANG_WARN_STRICT_PROTOTYPES = YES;
				CLANG_WARN_SUSPICIOUS_MOVE = YES;
				CLANG_WARN_UNGUARDED_AVAILABILITY = YES_AGGRESSIVE;
				CLANG_WARN_UNREACHABLE_CODE = YES;
				CLANG_WARN__DUPLICATE_METHOD_MATCH = YES;
				COPY_PHASE_STRIP = NO;
				DEBUG_INFORMATION_FORMAT = "dwarf-with-dsym";
				ENABLE_NS_ASSERTIONS = NO;
				ENABLE_STRICT_OBJC_MSGSEND = YES;
				ENABLE_USER_SCRIPT_SANDBOXING = YES;
				GCC_C_LANGUAGE_STANDARD = gnu17;
				GCC_NO_COMMON_BLOCKS = YES;
				GCC_WARN_64_TO_32_BIT_CONVERSION = YES;
				GCC_WARN_ABOUT_RETURN_TYPE = YES_ERROR;
				GCC_WARN_UNDECLARED_SELECTOR = YES;
				GCC_WARN_UNINITIALIZED_AUTOS = YES_AGGRESSIVE;
				GCC_WARN_UNUSED_FUNCTION = YES;
				GCC_WARN_UNUSED_VARIABLE = YES;
				LOCALIZATION_PREFERS_STRING_CATALOGS = YES;
				MTL_ENABLE_DEBUG_INFO = NO;
				MTL_FAST_MATH = YES;
				SWIFT_COMPILATION_MODE = wholemodule;
			};
			name = Release;
		};
		0710E2282B48CF0E004369AB /* Debug */ = {
			isa = XCBuildConfiguration;
			buildSettings = {
				ASSETCATALOG_COMPILER_APPICON_NAME = AppIcon;
				ASSETCATALOG_COMPILER_GLOBAL_ACCENT_COLOR_NAME = AccentColor;
				CODE_SIGN_ENTITLEMENTS = PGNReader/PGNReader.entitlements;
				CODE_SIGN_STYLE = Automatic;
				CURRENT_PROJECT_VERSION = 1;
				DEVELOPMENT_ASSET_PATHS = "\"PGNReader/Preview Content\"";
				DEVELOPMENT_TEAM = 6795XB265T;
				ENABLE_HARDENED_RUNTIME = YES;
				ENABLE_PREVIEWS = YES;
				GENERATE_INFOPLIST_FILE = YES;
				"INFOPLIST_KEY_UIApplicationSceneManifest_Generation[sdk=iphoneos*]" = YES;
				"INFOPLIST_KEY_UIApplicationSceneManifest_Generation[sdk=iphonesimulator*]" = YES;
				"INFOPLIST_KEY_UIApplicationSupportsIndirectInputEvents[sdk=iphoneos*]" = YES;
				"INFOPLIST_KEY_UIApplicationSupportsIndirectInputEvents[sdk=iphonesimulator*]" = YES;
				"INFOPLIST_KEY_UILaunchScreen_Generation[sdk=iphoneos*]" = YES;
				"INFOPLIST_KEY_UILaunchScreen_Generation[sdk=iphonesimulator*]" = YES;
				"INFOPLIST_KEY_UIStatusBarStyle[sdk=iphoneos*]" = UIStatusBarStyleDefault;
				"INFOPLIST_KEY_UIStatusBarStyle[sdk=iphonesimulator*]" = UIStatusBarStyleDefault;
				INFOPLIST_KEY_UISupportedInterfaceOrientations_iPad = "UIInterfaceOrientationPortrait UIInterfaceOrientationPortraitUpsideDown UIInterfaceOrientationLandscapeLeft UIInterfaceOrientationLandscapeRight";
				INFOPLIST_KEY_UISupportedInterfaceOrientations_iPhone = "UIInterfaceOrientationPortrait UIInterfaceOrientationLandscapeLeft UIInterfaceOrientationLandscapeRight";
				IPHONEOS_DEPLOYMENT_TARGET = 17.2;
				LD_RUNPATH_SEARCH_PATHS = "@executable_path/Frameworks";
				"LD_RUNPATH_SEARCH_PATHS[sdk=macosx*]" = "@executable_path/../Frameworks";
				MACOSX_DEPLOYMENT_TARGET = 13.5;
				MARKETING_VERSION = 1.0;
				PRODUCT_BUNDLE_IDENTIFIER = CHESS.PGNReader;
				PRODUCT_NAME = "$(TARGET_NAME)";
				SDKROOT = auto;
				SUPPORTED_PLATFORMS = "iphoneos iphonesimulator macosx";
				SWIFT_EMIT_LOC_STRINGS = YES;
				SWIFT_VERSION = 5.0;
				TARGETED_DEVICE_FAMILY = "1,2";
			};
			name = Debug;
		};
		0710E2292B48CF0E004369AB /* Release */ = {
			isa = XCBuildConfiguration;
			buildSettings = {
				ASSETCATALOG_COMPILER_APPICON_NAME = AppIcon;
				ASSETCATALOG_COMPILER_GLOBAL_ACCENT_COLOR_NAME = AccentColor;
				CODE_SIGN_ENTITLEMENTS = PGNReader/PGNReader.entitlements;
				CODE_SIGN_STYLE = Automatic;
				CURRENT_PROJECT_VERSION = 1;
				DEVELOPMENT_ASSET_PATHS = "\"PGNReader/Preview Content\"";
				DEVELOPMENT_TEAM = 6795XB265T;
				ENABLE_HARDENED_RUNTIME = YES;
				ENABLE_PREVIEWS = YES;
				GENERATE_INFOPLIST_FILE = YES;
				"INFOPLIST_KEY_UIApplicationSceneManifest_Generation[sdk=iphoneos*]" = YES;
				"INFOPLIST_KEY_UIApplicationSceneManifest_Generation[sdk=iphonesimulator*]" = YES;
				"INFOPLIST_KEY_UIApplicationSupportsIndirectInputEvents[sdk=iphoneos*]" = YES;
				"INFOPLIST_KEY_UIApplicationSupportsIndirectInputEvents[sdk=iphonesimulator*]" = YES;
				"INFOPLIST_KEY_UILaunchScreen_Generation[sdk=iphoneos*]" = YES;
				"INFOPLIST_KEY_UILaunchScreen_Generation[sdk=iphonesimulator*]" = YES;
				"INFOPLIST_KEY_UIStatusBarStyle[sdk=iphoneos*]" = UIStatusBarStyleDefault;
				"INFOPLIST_KEY_UIStatusBarStyle[sdk=iphonesimulator*]" = UIStatusBarStyleDefault;
				INFOPLIST_KEY_UISupportedInterfaceOrientations_iPad = "UIInterfaceOrientationPortrait UIInterfaceOrientationPortraitUpsideDown UIInterfaceOrientationLandscapeLeft UIInterfaceOrientationLandscapeRight";
				INFOPLIST_KEY_UISupportedInterfaceOrientations_iPhone = "UIInterfaceOrientationPortrait UIInterfaceOrientationLandscapeLeft UIInterfaceOrientationLandscapeRight";
				IPHONEOS_DEPLOYMENT_TARGET = 17.2;
				LD_RUNPATH_SEARCH_PATHS = "@executable_path/Frameworks";
				"LD_RUNPATH_SEARCH_PATHS[sdk=macosx*]" = "@executable_path/../Frameworks";
				MACOSX_DEPLOYMENT_TARGET = 13.5;
				MARKETING_VERSION = 1.0;
				PRODUCT_BUNDLE_IDENTIFIER = CHESS.PGNReader;
				PRODUCT_NAME = "$(TARGET_NAME)";
				SDKROOT = auto;
				SUPPORTED_PLATFORMS = "iphoneos iphonesimulator macosx";
				SWIFT_EMIT_LOC_STRINGS = YES;
				SWIFT_VERSION = 5.0;
				TARGETED_DEVICE_FAMILY = "1,2";
			};
			name = Release;
		};
		0710E22B2B48CF0E004369AB /* Debug */ = {
			isa = XCBuildConfiguration;
			buildSettings = {
				ALWAYS_EMBED_SWIFT_STANDARD_LIBRARIES = YES;
				BUNDLE_LOADER = "$(TEST_HOST)";
				CODE_SIGN_STYLE = Automatic;
				CURRENT_PROJECT_VERSION = 1;
				DEVELOPMENT_TEAM = 6795XB265T;
				GENERATE_INFOPLIST_FILE = YES;
				IPHONEOS_DEPLOYMENT_TARGET = 17.2;
				MACOSX_DEPLOYMENT_TARGET = 13.5;
				MARKETING_VERSION = 1.0;
				PRODUCT_BUNDLE_IDENTIFIER = CHESS.PGNReaderTests;
				PRODUCT_NAME = "$(TARGET_NAME)";
				SDKROOT = auto;
				SUPPORTED_PLATFORMS = "iphoneos iphonesimulator macosx";
				SWIFT_EMIT_LOC_STRINGS = NO;
				SWIFT_VERSION = 5.0;
				TARGETED_DEVICE_FAMILY = "1,2";
				TEST_HOST = "$(BUILT_PRODUCTS_DIR)/PGNReader.app/$(BUNDLE_EXECUTABLE_FOLDER_PATH)/PGNReader";
			};
			name = Debug;
		};
		0710E22C2B48CF0E004369AB /* Release */ = {
			isa = XCBuildConfiguration;
			buildSettings = {
				ALWAYS_EMBED_SWIFT_STANDARD_LIBRARIES = YES;
				BUNDLE_LOADER = "$(TEST_HOST)";
				CODE_SIGN_STYLE = Automatic;
				CURRENT_PROJECT_VERSION = 1;
				DEVELOPMENT_TEAM = 6795XB265T;
				GENERATE_INFOPLIST_FILE = YES;
				IPHONEOS_DEPLOYMENT_TARGET = 17.2;
				MACOSX_DEPLOYMENT_TARGET = 13.5;
				MARKETING_VERSION = 1.0;
				PRODUCT_BUNDLE_IDENTIFIER = CHESS.PGNReaderTests;
				PRODUCT_NAME = "$(TARGET_NAME)";
				SDKROOT = auto;
				SUPPORTED_PLATFORMS = "iphoneos iphonesimulator macosx";
				SWIFT_EMIT_LOC_STRINGS = NO;
				SWIFT_VERSION = 5.0;
				TARGETED_DEVICE_FAMILY = "1,2";
				TEST_HOST = "$(BUILT_PRODUCTS_DIR)/PGNReader.app/$(BUNDLE_EXECUTABLE_FOLDER_PATH)/PGNReader";
			};
			name = Release;
		};
		0710E22E2B48CF0E004369AB /* Debug */ = {
			isa = XCBuildConfiguration;
			buildSettings = {
				ALWAYS_EMBED_SWIFT_STANDARD_LIBRARIES = YES;
				CODE_SIGN_STYLE = Automatic;
				CURRENT_PROJECT_VERSION = 1;
				DEVELOPMENT_TEAM = 6795XB265T;
				GENERATE_INFOPLIST_FILE = YES;
				IPHONEOS_DEPLOYMENT_TARGET = 17.2;
				MACOSX_DEPLOYMENT_TARGET = 13.5;
				MARKETING_VERSION = 1.0;
				PRODUCT_BUNDLE_IDENTIFIER = CHESS.PGNReaderUITests;
				PRODUCT_NAME = "$(TARGET_NAME)";
				SDKROOT = auto;
				SUPPORTED_PLATFORMS = "iphoneos iphonesimulator macosx";
				SWIFT_EMIT_LOC_STRINGS = NO;
				SWIFT_VERSION = 5.0;
				TARGETED_DEVICE_FAMILY = "1,2";
				TEST_TARGET_NAME = PGNReader;
			};
			name = Debug;
		};
		0710E22F2B48CF0E004369AB /* Release */ = {
			isa = XCBuildConfiguration;
			buildSettings = {
				ALWAYS_EMBED_SWIFT_STANDARD_LIBRARIES = YES;
				CODE_SIGN_STYLE = Automatic;
				CURRENT_PROJECT_VERSION = 1;
				DEVELOPMENT_TEAM = 6795XB265T;
				GENERATE_INFOPLIST_FILE = YES;
				IPHONEOS_DEPLOYMENT_TARGET = 17.2;
				MACOSX_DEPLOYMENT_TARGET = 13.5;
				MARKETING_VERSION = 1.0;
				PRODUCT_BUNDLE_IDENTIFIER = CHESS.PGNReaderUITests;
				PRODUCT_NAME = "$(TARGET_NAME)";
				SDKROOT = auto;
				SUPPORTED_PLATFORMS = "iphoneos iphonesimulator macosx";
				SWIFT_EMIT_LOC_STRINGS = NO;
				SWIFT_VERSION = 5.0;
				TARGETED_DEVICE_FAMILY = "1,2";
				TEST_TARGET_NAME = PGNReader;
			};
			name = Release;
		};
/* End XCBuildConfiguration section */

/* Begin XCConfigurationList section */
		0710E1FD2B48CF0D004369AB /* Build configuration list for PBXProject "PGNReader" */ = {
			isa = XCConfigurationList;
			buildConfigurations = (
				0710E2252B48CF0E004369AB /* Debug */,
				0710E2262B48CF0E004369AB /* Release */,
			);
			defaultConfigurationIsVisible = 0;
			defaultConfigurationName = Release;
		};
		0710E2272B48CF0E004369AB /* Build configuration list for PBXNativeTarget "PGNReader" */ = {
			isa = XCConfigurationList;
			buildConfigurations = (
				0710E2282B48CF0E004369AB /* Debug */,
				0710E2292B48CF0E004369AB /* Release */,
			);
			defaultConfigurationIsVisible = 0;
			defaultConfigurationName = Release;
		};
		0710E22A2B48CF0E004369AB /* Build configuration list for PBXNativeTarget "PGNReaderTests" */ = {
			isa = XCConfigurationList;
			buildConfigurations = (
				0710E22B2B48CF0E004369AB /* Debug */,
				0710E22C2B48CF0E004369AB /* Release */,
			);
			defaultConfigurationIsVisible = 0;
			defaultConfigurationName = Release;
		};
		0710E22D2B48CF0E004369AB /* Build configuration list for PBXNativeTarget "PGNReaderUITests" */ = {
			isa = XCConfigurationList;
			buildConfigurations = (
				0710E22E2B48CF0E004369AB /* Debug */,
				0710E22F2B48CF0E004369AB /* Release */,
			);
			defaultConfigurationIsVisible = 0;
			defaultConfigurationName = Release;
		};
/* End XCConfigurationList section */

/* Begin XCRemoteSwiftPackageReference section */
		078CB6B22B54FC7A005BA9DC /* XCRemoteSwiftPackageReference "EndgameCore" */ = {
			isa = XCRemoteSwiftPackageReference;
			repositoryURL = "https://github.com/Jelizondo/EndgameCore";
			requirement = {
				branch = master;
				kind = branch;
			};
		};
/* End XCRemoteSwiftPackageReference section */

/* Begin XCSwiftPackageProductDependency section */
		078CB6B32B54FC7A005BA9DC /* EndgameCore */ = {
			isa = XCSwiftPackageProductDependency;
			package = 078CB6B22B54FC7A005BA9DC /* XCRemoteSwiftPackageReference "EndgameCore" */;
			productName = EndgameCore;
		};
/* End XCSwiftPackageProductDependency section */
	};
	rootObject = 0710E1FA2B48CF0D004369AB /* Project object */;
}
